
Microsoft Visual Studio Solution File, Format Version 12.00
# Visual Studio 2013
VisualStudioVersion = 12.0.31101.0
MinimumVisualStudioVersion = 10.0.40219.1
Project("{FAE04EC0-301F-11D3-BF4B-00C04F79EFBC}") = "2.2 HelloWorld", "2.2 HelloWorld\2.2 HelloWorld.csproj", "{4C81418B-6993-4322-A5C6-6A58678FD07D}"
EndProject
Project("{FAE04EC0-301F-11D3-BF4B-00C04F79EFBC}") = "2.3 AddPanel", "2.3 CsAddpanel\2.3 AddPanel.csproj", "{A5285438-C4DC-40A2-A968-6EAC4A402992}"
EndProject
Project("{FAE04EC0-301F-11D3-BF4B-00C04F79EFBC}") = "24RetrieveSelectedElements", "24RetrieveSelectedElements\24RetrieveSelectedElements.csproj", "{C8435D93-66B0-4E15-B01A-EB5118C43A63}"
EndProject
Project("{FAE04EC0-301F-11D3-BF4B-00C04F79EFBC}") = "38ApplictionDialogShowing", "38ApplictionDialogShowing\38ApplictionDialogShowing.csproj", "{8781DF3A-125C-4274-8E55-B8FB094BD25C}"
EndProject
Project("{FAE04EC0-301F-11D3-BF4B-00C04F79EFBC}") = "ExerciseCSharpTutorialGLS1", "ExerciseCSharpTutorialGLS1\ExerciseCSharpTutorialGLS1.csproj", "{AACE21CC-55E1-4C39-BB38-4649DEC9D84D}"
EndProject
Global
	GlobalSection(SolutionConfigurationPlatforms) = preSolution
		Debug|Any CPU = Debug|Any CPU
		Release|Any CPU = Release|Any CPU
	EndGlobalSection
	GlobalSection(ProjectConfigurationPlatforms) = postSolution
		{4C81418B-6993-4322-A5C6-6A58678FD07D}.Debug|Any CPU.ActiveCfg = Debug|Any CPU
		{4C81418B-6993-4322-A5C6-6A58678FD07D}.Debug|Any CPU.Build.0 = Debug|Any CPU
		{4C81418B-6993-4322-A5C6-6A58678FD07D}.Release|Any CPU.ActiveCfg = Release|Any CPU
		{4C81418B-6993-4322-A5C6-6A58678FD07D}.Release|Any CPU.Build.0 = Release|Any CPU
		{A5285438-C4DC-40A2-A968-6EAC4A402992}.Debug|Any CPU.ActiveCfg = Debug|Any CPU
		{A5285438-C4DC-40A2-A968-6EAC4A402992}.Debug|Any CPU.Build.0 = Debug|Any CPU
		{A5285438-C4DC-40A2-A968-6EAC4A402992}.Release|Any CPU.ActiveCfg = Release|Any CPU
		{A5285438-C4DC-40A2-A968-6EAC4A402992}.Release|Any CPU.Build.0 = Release|Any CPU
		{C8435D93-66B0-4E15-B01A-EB5118C43A63}.Debug|Any CPU.ActiveCfg = Debug|Any CPU
		{C8435D93-66B0-4E15-B01A-EB5118C43A63}.Debug|Any CPU.Build.0 = Debug|Any CPU
		{C8435D93-66B0-4E15-B01A-EB5118C43A63}.Release|Any CPU.ActiveCfg = Release|Any CPU
		{C8435D93-66B0-4E15-B01A-EB5118C43A63}.Release|Any CPU.Build.0 = Release|Any CPU
		{8781DF3A-125C-4274-8E55-B8FB094BD25C}.Debug|Any CPU.ActiveCfg = Debug|Any CPU
		{8781DF3A-125C-4274-8E55-B8FB094BD25C}.Debug|Any CPU.Build.0 = Debug|Any CPU
		{8781DF3A-125C-4274-8E55-B8FB094BD25C}.Release|Any CPU.ActiveCfg = Release|Any CPU
		{8781DF3A-125C-4274-8E55-B8FB094BD25C}.Release|Any CPU.Build.0 = Release|Any CPU
		{AACE21CC-55E1-4C39-BB38-4649DEC9D84D}.Debug|Any CPU.ActiveCfg = Debug|Any CPU
		{AACE21CC-55E1-4C39-BB38-4649DEC9D84D}.Debug|Any CPU.Build.0 = Debug|Any CPU
		{AACE21CC-55E1-4C39-BB38-4649DEC9D84D}.Release|Any CPU.ActiveCfg = Release|Any CPU
		{AACE21CC-55E1-4C39-BB38-4649DEC9D84D}.Release|Any CPU.Build.0 = Release|Any CPU
	EndGlobalSection
	GlobalSection(SolutionProperties) = preSolution
		HideSolutionNode = FALSE
	EndGlobalSection
EndGlobal
